
Microsoft Visual Studio Solution File, Format Version 12.00
# Visual Studio Version 16
VisualStudioVersion = 16.0.31313.79
MinimumVisualStudioVersion = 10.0.40219.1
Project("{FAE04EC0-301F-11D3-BF4B-00C04F79EFBC}") = "PlutoServerClient", "PlutoServerClient\PlutoServerClient.csproj", "{2CC9636D-BEAB-47C9-90ED-6A4CA834161E}"
EndProject
Global
	GlobalSection(SolutionConfigurationPlatforms) = preSolution
		Debug|Any CPU = Debug|Any CPU
		Release|Any CPU = Release|Any CPU
	EndGlobalSection
	GlobalSection(ProjectConfigurationPlatforms) = postSolution
		{2CC9636D-BEAB-47C9-90ED-6A4CA834161E}.Debug|Any CPU.ActiveCfg = Debug|Any CPU
		{2CC9636D-BEAB-47C9-90ED-6A4CA834161E}.Debug|Any CPU.Build.0 = Debug|Any CPU
		{2CC9636D-BEAB-47C9-90ED-6A4CA834161E}.Release|Any CPU.ActiveCfg = Release|Any CPU
		{2CC9636D-BEAB-47C9-90ED-6A4CA834161E}.Release|Any CPU.Build.0 = Release|Any CPU
	EndGlobalSection
	GlobalSection(SolutionProperties) = preSolution
		HideSolutionNode = FALSE
	EndGlobalSection
	GlobalSection(ExtensibilityGlobals) = postSolution
		SolutionGuid = {D0E8A6AC-AF8C-4A99-855F-9F23EF858AC7}
	EndGlobalSection
EndGlobal
